
Microsoft Visual Studio Solution File, Format Version 12.00
# Visual Studio Version 16
VisualStudioVersion = 16.0.30104.148
MinimumVisualStudioVersion = 10.0.40219.1
Project("{FAE04EC0-301F-11D3-BF4B-00C04F79EFBC}") = "BetweenTwoSets", "HakerRank\BetweenTwoSets.csproj", "{8BC1EC10-E4A7-400E-BFE2-B3FAA8245606}"
EndProject
Project("{FAE04EC0-301F-11D3-BF4B-00C04F79EFBC}") = "BreakingTheRecords", "BreakingTheRecords\BreakingTheRecords.csproj", "{DC364525-63B1-4D79-A314-3EDAF55069A7}"
EndProject
Project("{FAE04EC0-301F-11D3-BF4B-00C04F79EFBC}") = "BirthdayChocolate", "BirthdayChocolate\BirthdayChocolate.csproj", "{82A577AD-A813-43E0-B022-C33553562960}"
EndProject
Project("{FAE04EC0-301F-11D3-BF4B-00C04F79EFBC}") = "MigratoryBirds", "MigratoryBirds\MigratoryBirds.csproj", "{81E3F673-0874-4984-8568-38EAFFCC714A}"
EndProject
Project("{FAE04EC0-301F-11D3-BF4B-00C04F79EFBC}") = "DivisibleSumPairs", "DivisibleSumPairs\DivisibleSumPairs.csproj", "{881DBE26-9C61-48BC-B4A5-89A0D6231B11}"
EndProject
Project("{FAE04EC0-301F-11D3-BF4B-00C04F79EFBC}") = "SockMerchant", "SockMerchant\SockMerchant.csproj", "{956C1E5E-903C-4990-95BF-393FFF71E401}"
EndProject
Project("{FAE04EC0-301F-11D3-BF4B-00C04F79EFBC}") = "JumpingOnTheClouds", "JumpingOnTheClouds\JumpingOnTheClouds.csproj", "{3961149B-12AC-4157-981D-0EA1F06F1682}"
EndProject
Global
	GlobalSection(SolutionConfigurationPlatforms) = preSolution
		Debug|Any CPU = Debug|Any CPU
		Release|Any CPU = Release|Any CPU
	EndGlobalSection
	GlobalSection(ProjectConfigurationPlatforms) = postSolution
		{8BC1EC10-E4A7-400E-BFE2-B3FAA8245606}.Debug|Any CPU.ActiveCfg = Debug|Any CPU
		{8BC1EC10-E4A7-400E-BFE2-B3FAA8245606}.Debug|Any CPU.Build.0 = Debug|Any CPU
		{8BC1EC10-E4A7-400E-BFE2-B3FAA8245606}.Release|Any CPU.ActiveCfg = Release|Any CPU
		{8BC1EC10-E4A7-400E-BFE2-B3FAA8245606}.Release|Any CPU.Build.0 = Release|Any CPU
		{DC364525-63B1-4D79-A314-3EDAF55069A7}.Debug|Any CPU.ActiveCfg = Debug|Any CPU
		{DC364525-63B1-4D79-A314-3EDAF55069A7}.Debug|Any CPU.Build.0 = Debug|Any CPU
		{DC364525-63B1-4D79-A314-3EDAF55069A7}.Release|Any CPU.ActiveCfg = Release|Any CPU
		{DC364525-63B1-4D79-A314-3EDAF55069A7}.Release|Any CPU.Build.0 = Release|Any CPU
		{82A577AD-A813-43E0-B022-C33553562960}.Debug|Any CPU.ActiveCfg = Debug|Any CPU
		{82A577AD-A813-43E0-B022-C33553562960}.Debug|Any CPU.Build.0 = Debug|Any CPU
		{82A577AD-A813-43E0-B022-C33553562960}.Release|Any CPU.ActiveCfg = Release|Any CPU
		{82A577AD-A813-43E0-B022-C33553562960}.Release|Any CPU.Build.0 = Release|Any CPU
		{81E3F673-0874-4984-8568-38EAFFCC714A}.Debug|Any CPU.ActiveCfg = Debug|Any CPU
		{81E3F673-0874-4984-8568-38EAFFCC714A}.Debug|Any CPU.Build.0 = Debug|Any CPU
		{81E3F673-0874-4984-8568-38EAFFCC714A}.Release|Any CPU.ActiveCfg = Release|Any CPU
		{81E3F673-0874-4984-8568-38EAFFCC714A}.Release|Any CPU.Build.0 = Release|Any CPU
		{881DBE26-9C61-48BC-B4A5-89A0D6231B11}.Debug|Any CPU.ActiveCfg = Debug|Any CPU
		{881DBE26-9C61-48BC-B4A5-89A0D6231B11}.Debug|Any CPU.Build.0 = Debug|Any CPU
		{881DBE26-9C61-48BC-B4A5-89A0D6231B11}.Release|Any CPU.ActiveCfg = Release|Any CPU
		{881DBE26-9C61-48BC-B4A5-89A0D6231B11}.Release|Any CPU.Build.0 = Release|Any CPU
		{956C1E5E-903C-4990-95BF-393FFF71E401}.Debug|Any CPU.ActiveCfg = Debug|Any CPU
		{956C1E5E-903C-4990-95BF-393FFF71E401}.Debug|Any CPU.Build.0 = Debug|Any CPU
		{956C1E5E-903C-4990-95BF-393FFF71E401}.Release|Any CPU.ActiveCfg = Release|Any CPU
		{956C1E5E-903C-4990-95BF-393FFF71E401}.Release|Any CPU.Build.0 = Release|Any CPU
		{3961149B-12AC-4157-981D-0EA1F06F1682}.Debug|Any CPU.ActiveCfg = Debug|Any CPU
		{3961149B-12AC-4157-981D-0EA1F06F1682}.Debug|Any CPU.Build.0 = Debug|Any CPU
		{3961149B-12AC-4157-981D-0EA1F06F1682}.Release|Any CPU.ActiveCfg = Release|Any CPU
		{3961149B-12AC-4157-981D-0EA1F06F1682}.Release|Any CPU.Build.0 = Release|Any CPU
	EndGlobalSection
	GlobalSection(SolutionProperties) = preSolution
		HideSolutionNode = FALSE
	EndGlobalSection
	GlobalSection(ExtensibilityGlobals) = postSolution
		SolutionGuid = {EFF3511B-C8A2-4735-83D6-FCF20CE4B579}
	EndGlobalSection
EndGlobal
